// !$*UTF8*$!
{
	archiveVersion = 1;
	classes = {
	};
	objectVersion = 50;
	objects = {

/* Begin PBXBuildFile section */
		A43E7C602395718B0076DB6E /* AppDelegate.swift in Sources */ = {isa = PBXBuildFile; fileRef = A43E7C5F2395718B0076DB6E /* AppDelegate.swift */; };
		A43E7C622395718B0076DB6E /* SceneDelegate.swift in Sources */ = {isa = PBXBuildFile; fileRef = A43E7C612395718B0076DB6E /* SceneDelegate.swift */; };
		A43E7C642395718B0076DB6E /* ViewController.swift in Sources */ = {isa = PBXBuildFile; fileRef = A43E7C632395718B0076DB6E /* ViewController.swift */; };
		A43E7C672395718B0076DB6E /* Main.storyboard in Resources */ = {isa = PBXBuildFile; fileRef = A43E7C652395718B0076DB6E /* Main.storyboard */; };
		A43E7C692395718F0076DB6E /* Assets.xcassets in Resources */ = {isa = PBXBuildFile; fileRef = A43E7C682395718F0076DB6E /* Assets.xcassets */; };
		A43E7C6C2395718F0076DB6E /* LaunchScreen.storyboard in Resources */ = {isa = PBXBuildFile; fileRef = A43E7C6A2395718F0076DB6E /* LaunchScreen.storyboard */; };
		A43E7C772395718F0076DB6E /* Final_App_Sem1Tests.swift in Sources */ = {isa = PBXBuildFile; fileRef = A43E7C762395718F0076DB6E /* Final_App_Sem1Tests.swift */; };
		A43E7C822395718F0076DB6E /* Final_App_Sem1UITests.swift in Sources */ = {isa = PBXBuildFile; fileRef = A43E7C812395718F0076DB6E /* Final_App_Sem1UITests.swift */; };
		A46CFF5D23A005A400C1A6C5 /* RestaurantList .swift in Sources */ = {isa = PBXBuildFile; fileRef = A46CFF5C23A005A400C1A6C5 /* RestaurantList .swift */; };
		A46CFF5F23A1507C00C1A6C5 /* RestaurantsDisplay.swift in Sources */ = {isa = PBXBuildFile; fileRef = A46CFF5E23A1507C00C1A6C5 /* RestaurantsDisplay.swift */; };
/* End PBXBuildFile section */

/* Begin PBXContainerItemProxy section */
		A43E7C732395718F0076DB6E /* PBXContainerItemProxy */ = {
			isa = PBXContainerItemProxy;
			containerPortal = A43E7C542395718A0076DB6E /* Project object */;
			proxyType = 1;
			remoteGlobalIDString = A43E7C5B2395718B0076DB6E;
			remoteInfo = "Final App Sem1";
		};
		A43E7C7E2395718F0076DB6E /* PBXContainerItemProxy */ = {
			isa = PBXContainerItemProxy;
			containerPortal = A43E7C542395718A0076DB6E /* Project object */;
			proxyType = 1;
			remoteGlobalIDString = A43E7C5B2395718B0076DB6E;
			remoteInfo = "Final App Sem1";
		};
/* End PBXContainerItemProxy section */

/* Begin PBXFileReference section */
		A43E7C5C2395718B0076DB6E /* Final App Sem1.app */ = {isa = PBXFileReference; explicitFileType = wrapper.application; includeInIndex = 0; path = "Final App Sem1.app"; sourceTree = BUILT_PRODUCTS_DIR; };
		A43E7C5F2395718B0076DB6E /* AppDelegate.swift */ = {isa = PBXFileReference; lastKnownFileType = sourcecode.swift; path = AppDelegate.swift; sourceTree = "<group>"; };
		A43E7C612395718B0076DB6E /* SceneDelegate.swift */ = {isa = PBXFileReference; lastKnownFileType = sourcecode.swift; path = SceneDelegate.swift; sourceTree = "<group>"; };
		A43E7C632395718B0076DB6E /* ViewController.swift */ = {isa = PBXFileReference; lastKnownFileType = sourcecode.swift; path = ViewController.swift; sourceTree = "<group>"; };
		A43E7C662395718B0076DB6E /* Base */ = {isa = PBXFileReference; lastKnownFileType = file.storyboard; name = Base; path = Base.lproj/Main.storyboard; sourceTree = "<group>"; };
		A43E7C682395718F0076DB6E /* Assets.xcassets */ = {isa = PBXFileReference; lastKnownFileType = folder.assetcatalog; path = Assets.xcassets; sourceTree = "<group>"; };
		A43E7C6B2395718F0076DB6E /* Base */ = {isa = PBXFileReference; lastKnownFileType = file.storyboard; name = Base; path = Base.lproj/LaunchScreen.storyboard; sourceTree = "<group>"; };
		A43E7C6D2395718F0076DB6E /* Info.plist */ = {isa = PBXFileReference; lastKnownFileType = text.plist.xml; path = Info.plist; sourceTree = "<group>"; };
		A43E7C722395718F0076DB6E /* Final App Sem1Tests.xctest */ = {isa = PBXFileReference; explicitFileType = wrapper.cfbundle; includeInIndex = 0; path = "Final App Sem1Tests.xctest"; sourceTree = BUILT_PRODUCTS_DIR; };
		A43E7C762395718F0076DB6E /* Final_App_Sem1Tests.swift */ = {isa = PBXFileReference; lastKnownFileType = sourcecode.swift; path = Final_App_Sem1Tests.swift; sourceTree = "<group>"; };
		A43E7C782395718F0076DB6E /* Info.plist */ = {isa = PBXFileReference; lastKnownFileType = text.plist.xml; path = Info.plist; sourceTree = "<group>"; };
		A43E7C7D2395718F0076DB6E /* Final App Sem1UITests.xctest */ = {isa = PBXFileReference; explicitFileType = wrapper.cfbundle; includeInIndex = 0; path = "Final App Sem1UITests.xctest"; sourceTree = BUILT_PRODUCTS_DIR; };
		A43E7C812395718F0076DB6E /* Final_App_Sem1UITests.swift */ = {isa = PBXFileReference; lastKnownFileType = sourcecode.swift; path = Final_App_Sem1UITests.swift; sourceTree = "<group>"; };
		A43E7C832395718F0076DB6E /* Info.plist */ = {isa = PBXFileReference; lastKnownFileType = text.plist.xml; path = Info.plist; sourceTree = "<group>"; };
		A46CFF5C23A005A400C1A6C5 /* RestaurantList .swift */ = {isa = PBXFileReference; lastKnownFileType = sourcecode.swift; path = "RestaurantList .swift"; sourceTree = "<group>"; };
		A46CFF5E23A1507C00C1A6C5 /* RestaurantsDisplay.swift */ = {isa = PBXFileReference; lastKnownFileType = sourcecode.swift; path = RestaurantsDisplay.swift; sourceTree = "<group>"; };
/* End PBXFileReference section */

/* Begin PBXFrameworksBuildPhase section */
		A43E7C592395718B0076DB6E /* Frameworks */ = {
			isa = PBXFrameworksBuildPhase;
			buildActionMask = 2147483647;
			files = (
			);
			runOnlyForDeploymentPostprocessing = 0;
		};
		A43E7C6F2395718F0076DB6E /* Frameworks */ = {
			isa = PBXFrameworksBuildPhase;
			buildActionMask = 2147483647;
			files = (
			);
			runOnlyForDeploymentPostprocessing = 0;
		};
		A43E7C7A2395718F0076DB6E /* Frameworks */ = {
			isa = PBXFrameworksBuildPhase;
			buildActionMask = 2147483647;
			files = (
			);
			runOnlyForDeploymentPostprocessing = 0;
		};
/* End PBXFrameworksBuildPhase section */

/* Begin PBXGroup section */
		A43E7C532395718A0076DB6E = {
			isa = PBXGroup;
			children = (
				A43E7C5E2395718B0076DB6E /* Final App Sem1 */,
				A43E7C752395718F0076DB6E /* Final App Sem1Tests */,
				A43E7C802395718F0076DB6E /* Final App Sem1UITests */,
				A43E7C5D2395718B0076DB6E /* Products */,
			);
			sourceTree = "<group>";
		};
		A43E7C5D2395718B0076DB6E /* Products */ = {
			isa = PBXGroup;
			children = (
				A43E7C5C2395718B0076DB6E /* Final App Sem1.app */,
				A43E7C722395718F0076DB6E /* Final App Sem1Tests.xctest */,
				A43E7C7D2395718F0076DB6E /* Final App Sem1UITests.xctest */,
			);
			name = Products;
			sourceTree = "<group>";
		};
		A43E7C5E2395718B0076DB6E /* Final App Sem1 */ = {
			isa = PBXGroup;
			children = (
				A43E7C5F2395718B0076DB6E /* AppDelegate.swift */,
				A43E7C612395718B0076DB6E /* SceneDelegate.swift */,
				A43E7C652395718B0076DB6E /* Main.storyboard */,
				A43E7C632395718B0076DB6E /* ViewController.swift */,
				A46CFF5E23A1507C00C1A6C5 /* RestaurantsDisplay.swift */,
				A46CFF5C23A005A400C1A6C5 /* RestaurantList .swift */,
				A43E7C682395718F0076DB6E /* Assets.xcassets */,
				A43E7C6A2395718F0076DB6E /* LaunchScreen.storyboard */,
				A43E7C6D2395718F0076DB6E /* Info.plist */,
			);
			path = "Final App Sem1";
			sourceTree = "<group>";
		};
		A43E7C752395718F0076DB6E /* Final App Sem1Tests */ = {
			isa = PBXGroup;
			children = (
				A43E7C762395718F0076DB6E /* Final_App_Sem1Tests.swift */,
				A43E7C782395718F0076DB6E /* Info.plist */,
			);
			path = "Final App Sem1Tests";
			sourceTree = "<group>";
		};
		A43E7C802395718F0076DB6E /* Final App Sem1UITests */ = {
			isa = PBXGroup;
			children = (
				A43E7C812395718F0076DB6E /* Final_App_Sem1UITests.swift */,
				A43E7C832395718F0076DB6E /* Info.plist */,
			);
			path = "Final App Sem1UITests";
			sourceTree = "<group>";
		};
/* End PBXGroup section */

/* Begin PBXNativeTarget section */
		A43E7C5B2395718B0076DB6E /* Final App Sem1 */ = {
			isa = PBXNativeTarget;
			buildConfigurationList = A43E7C862395718F0076DB6E /* Build configuration list for PBXNativeTarget "Final App Sem1" */;
			buildPhases = (
				A43E7C582395718B0076DB6E /* Sources */,
				A43E7C592395718B0076DB6E /* Frameworks */,
				A43E7C5A2395718B0076DB6E /* Resources */,
			);
			buildRules = (
			);
			dependencies = (
			);
			name = "Final App Sem1";
			productName = "Final App Sem1";
			productReference = A43E7C5C2395718B0076DB6E /* Final App Sem1.app */;
			productType = "com.apple.product-type.application";
		};
		A43E7C712395718F0076DB6E /* Final App Sem1Tests */ = {
			isa = PBXNativeTarget;
			buildConfigurationList = A43E7C892395718F0076DB6E /* Build configuration list for PBXNativeTarget "Final App Sem1Tests" */;
			buildPhases = (
				A43E7C6E2395718F0076DB6E /* Sources */,
				A43E7C6F2395718F0076DB6E /* Frameworks */,
				A43E7C702395718F0076DB6E /* Resources */,
			);
			buildRules = (
			);
			dependencies = (
				A43E7C742395718F0076DB6E /* PBXTargetDependency */,
			);
			name = "Final App Sem1Tests";
			productName = "Final App Sem1Tests";
			productReference = A43E7C722395718F0076DB6E /* Final App Sem1Tests.xctest */;
			productType = "com.apple.product-type.bundle.unit-test";
		};
		A43E7C7C2395718F0076DB6E /* Final App Sem1UITests */ = {
			isa = PBXNativeTarget;
			buildConfigurationList = A43E7C8C2395718F0076DB6E /* Build configuration list for PBXNativeTarget "Final App Sem1UITests" */;
			buildPhases = (
				A43E7C792395718F0076DB6E /* Sources */,
				A43E7C7A2395718F0076DB6E /* Frameworks */,
				A43E7C7B2395718F0076DB6E /* Resources */,
			);
			buildRules = (
			);
			dependencies = (
				A43E7C7F2395718F0076DB6E /* PBXTargetDependency */,
			);
			name = "Final App Sem1UITests";
			productName = "Final App Sem1UITests";
			productReference = A43E7C7D2395718F0076DB6E /* Final App Sem1UITests.xctest */;
			productType = "com.apple.product-type.bundle.ui-testing";
		};
/* End PBXNativeTarget section */

/* Begin PBXProject section */
		A43E7C542395718A0076DB6E /* Project object */ = {
			isa = PBXProject;
			attributes = {
				LastSwiftUpdateCheck = 1120;
				LastUpgradeCheck = 1120;
				ORGANIZATIONNAME = "Sydney Ripsky";
				TargetAttributes = {
					A43E7C5B2395718B0076DB6E = {
						CreatedOnToolsVersion = 11.2;
					};
					A43E7C712395718F0076DB6E = {
						CreatedOnToolsVersion = 11.2;
						TestTargetID = A43E7C5B2395718B0076DB6E;
					};
					A43E7C7C2395718F0076DB6E = {
						CreatedOnToolsVersion = 11.2;
						TestTargetID = A43E7C5B2395718B0076DB6E;
					};
				};
			};
			buildConfigurationList = A43E7C572395718A0076DB6E /* Build configuration list for PBXProject "Final App Sem1" */;
			compatibilityVersion = "Xcode 9.3";
			developmentRegion = en;
			hasScannedForEncodings = 0;
			knownRegions = (
				en,
				Base,
			);
			mainGroup = A43E7C532395718A0076DB6E;
			productRefGroup = A43E7C5D2395718B0076DB6E /* Products */;
			projectDirPath = "";
			projectRoot = "";
			targets = (
				A43E7C5B2395718B0076DB6E /* Final App Sem1 */,
				A43E7C712395718F0076DB6E /* Final App Sem1Tests */,
				A43E7C7C2395718F0076DB6E /* Final App Sem1UITests */,
			);
		};
/* End PBXProject section */

/* Begin PBXResourcesBuildPhase section */
		A43E7C5A2395718B0076DB6E /* Resources */ = {
			isa = PBXResourcesBuildPhase;
			buildActionMask = 2147483647;
			files = (
				A43E7C6C2395718F0076DB6E /* LaunchScreen.storyboard in Resources */,
				A43E7C692395718F0076DB6E /* Assets.xcassets in Resources */,
				A43E7C672395718B0076DB6E /* Main.storyboard in Resources */,
			);
			runOnlyForDeploymentPostprocessing = 0;
		};
		A43E7C702395718F0076DB6E /* Resources */ = {
			isa = PBXResourcesBuildPhase;
			buildActionMask = 2147483647;
			files = (
			);
			runOnlyForDeploymentPostprocessing = 0;
		};
		A43E7C7B2395718F0076DB6E /* Resources */ = {
			isa = PBXResourcesBuildPhase;
			buildActionMask = 2147483647;
			files = (
			);
			runOnlyForDeploymentPostprocessing = 0;
		};
/* End PBXResourcesBuildPhase section */

/* Begin PBXSourcesBuildPhase section */
		A43E7C582395718B0076DB6E /* Sources */ = {
			isa = PBXSourcesBuildPhase;
			buildActionMask = 2147483647;
			files = (
				A43E7C642395718B0076DB6E /* ViewController.swift in Sources */,
				A46CFF5F23A1507C00C1A6C5 /* RestaurantsDisplay.swift in Sources */,
				A46CFF5D23A005A400C1A6C5 /* RestaurantList .swift in Sources */,
				A43E7C602395718B0076DB6E /* AppDelegate.swift in Sources */,
				A43E7C622395718B0076DB6E /* SceneDelegate.swift in Sources */,
			);
			runOnlyForDeploymentPostprocessing = 0;
		};
		A43E7C6E2395718F0076DB6E /* Sources */ = {
			isa = PBXSourcesBuildPhase;
			buildActionMask = 2147483647;
			files = (
				A43E7C772395718F0076DB6E /* Final_App_Sem1Tests.swift in Sources */,
			);
			runOnlyForDeploymentPostprocessing = 0;
		};
		A43E7C792395718F0076DB6E /* Sources */ = {
			isa = PBXSourcesBuildPhase;
			buildActionMask = 2147483647;
			files = (
				A43E7C822395718F0076DB6E /* Final_App_Sem1UITests.swift in Sources */,
			);
			runOnlyForDeploymentPostprocessing = 0;
		};
/* End PBXSourcesBuildPhase section */

/* Begin PBXTargetDependency section */
		A43E7C742395718F0076DB6E /* PBXTargetDependency */ = {
			isa = PBXTargetDependency;
			target = A43E7C5B2395718B0076DB6E /* Final App Sem1 */;
			targetProxy = A43E7C732395718F0076DB6E /* PBXContainerItemProxy */;
		};
		A43E7C7F2395718F0076DB6E /* PBXTargetDependency */ = {
			isa = PBXTargetDependency;
			target = A43E7C5B2395718B0076DB6E /* Final App Sem1 */;
			targetProxy = A43E7C7E2395718F0076DB6E /* PBXContainerItemProxy */;
		};
/* End PBXTargetDependency section */

/* Begin PBXVariantGroup section */
		A43E7C652395718B0076DB6E /* Main.storyboard */ = {
			isa = PBXVariantGroup;
			children = (
				A43E7C662395718B0076DB6E /* Base */,
			);
			name = Main.storyboard;
			sourceTree = "<group>";
		};
		A43E7C6A2395718F0076DB6E /* LaunchScreen.storyboard */ = {
			isa = PBXVariantGroup;
			children = (
				A43E7C6B2395718F0076DB6E /* Base */,
			);
			name = LaunchScreen.storyboard;
			sourceTree = "<group>";
		};
/* End PBXVariantGroup section */

/* Begin XCBuildConfiguration section */
		A43E7C842395718F0076DB6E /* Debug */ = {
			isa = XCBuildConfiguration;
			buildSettings = {
				ALWAYS_SEARCH_USER_PATHS = NO;
				CLANG_ANALYZER_NONNULL = YES;
				CLANG_ANALYZER_NUMBER_OBJECT_CONVERSION = YES_AGGRESSIVE;
				CLANG_CXX_LANGUAGE_STANDARD = "gnu++14";
				CLANG_CXX_LIBRARY = "libc++";
				CLANG_ENABLE_MODULES = YES;
				CLANG_ENABLE_OBJC_ARC = YES;
				CLANG_ENABLE_OBJC_WEAK = YES;
				CLANG_WARN_BLOCK_CAPTURE_AUTORELEASING = YES;
				CLANG_WARN_BOOL_CONVERSION = YES;
				CLANG_WARN_COMMA = YES;
				CLANG_WARN_CONSTANT_CONVERSION = YES;
				CLANG_WARN_DEPRECATED_OBJC_IMPLEMENTATIONS = YES;
				CLANG_WARN_DIRECT_OBJC_ISA_USAGE = YES_ERROR;
				CLANG_WARN_DOCUMENTATION_COMMENTS = YES;
				CLANG_WARN_EMPTY_BODY = YES;
				CLANG_WARN_ENUM_CONVERSION = YES;
				CLANG_WARN_INFINITE_RECURSION = YES;
				CLANG_WARN_INT_CONVERSION = YES;
				CLANG_WARN_NON_LITERAL_NULL_CONVERSION = YES;
				CLANG_WARN_OBJC_IMPLICIT_RETAIN_SELF = YES;
				CLANG_WARN_OBJC_LITERAL_CONVERSION = YES;
				CLANG_WARN_OBJC_ROOT_CLASS = YES_ERROR;
				CLANG_WARN_RANGE_LOOP_ANALYSIS = YES;
				CLANG_WARN_STRICT_PROTOTYPES = YES;
				CLANG_WARN_SUSPICIOUS_MOVE = YES;
				CLANG_WARN_UNGUARDED_AVAILABILITY = YES_AGGRESSIVE;
				CLANG_WARN_UNREACHABLE_CODE = YES;
				CLANG_WARN__DUPLICATE_METHOD_MATCH = YES;
				COPY_PHASE_STRIP = NO;
				DEBUG_INFORMATION_FORMAT = dwarf;
				ENABLE_STRICT_OBJC_MSGSEND = YES;
				ENABLE_TESTABILITY = YES;
				GCC_C_LANGUAGE_STANDARD = gnu11;
				GCC_DYNAMIC_NO_PIC = NO;
				GCC_NO_COMMON_BLOCKS = YES;
				GCC_OPTIMIZATION_LEVEL = 0;
				GCC_PREPROCESSOR_DEFINITIONS = (
					"DEBUG=1",
					"$(inherited)",
				);
				GCC_WARN_64_TO_32_BIT_CONVERSION = YES;
				GCC_WARN_ABOUT_RETURN_TYPE = YES_ERROR;
				GCC_WARN_UNDECLARED_SELECTOR = YES;
				GCC_WARN_UNINITIALIZED_AUTOS = YES_AGGRESSIVE;
				GCC_WARN_UNUSED_FUNCTION = YES;
				GCC_WARN_UNUSED_VARIABLE = YES;
				IPHONEOS_DEPLOYMENT_TARGET = 13.2;
				MTL_ENABLE_DEBUG_INFO = INCLUDE_SOURCE;
				MTL_FAST_MATH = YES;
				ONLY_ACTIVE_ARCH = YES;
				SDKROOT = iphoneos;
				SWIFT_ACTIVE_COMPILATION_CONDITIONS = DEBUG;
				SWIFT_OPTIMIZATION_LEVEL = "-Onone";
			};
			name = Debug;
		};
		A43E7C852395718F0076DB6E /* Release */ = {
			isa = XCBuildConfiguration;
			buildSettings = {
				ALWAYS_SEARCH_USER_PATHS = NO;
				CLANG_ANALYZER_NONNULL = YES;
				CLANG_ANALYZER_NUMBER_OBJECT_CONVERSION = YES_AGGRESSIVE;
				CLANG_CXX_LANGUAGE_STANDARD = "gnu++14";
				CLANG_CXX_LIBRARY = "libc++";
				CLANG_ENABLE_MODULES = YES;
				CLANG_ENABLE_OBJC_ARC = YES;
				CLANG_ENABLE_OBJC_WEAK = YES;
				CLANG_WARN_BLOCK_CAPTURE_AUTORELEASING = YES;
				CLANG_WARN_BOOL_CONVERSION = YES;
				CLANG_WARN_COMMA = YES;
				CLANG_WARN_CONSTANT_CONVERSION = YES;
				CLANG_WARN_DEPRECATED_OBJC_IMPLEMENTATIONS = YES;
				CLANG_WARN_DIRECT_OBJC_ISA_USAGE = YES_ERROR;
				CLANG_WARN_DOCUMENTATION_COMMENTS = YES;
				CLANG_WARN_EMPTY_BODY = YES;
				CLANG_WARN_ENUM_CONVERSION = YES;
				CLANG_WARN_INFINITE_RECURSION = YES;
				CLANG_WARN_INT_CONVERSION = YES;
				CLANG_WARN_NON_LITERAL_NULL_CONVERSION = YES;
				CLANG_WARN_OBJC_IMPLICIT_RETAIN_SELF = YES;
				CLANG_WARN_OBJC_LITERAL_CONVERSION = YES;
				CLANG_WARN_OBJC_ROOT_CLASS = YES_ERROR;
				CLANG_WARN_RANGE_LOOP_ANALYSIS = YES;
				CLANG_WARN_STRICT_PROTOTYPES = YES;
				CLANG_WARN_SUSPICIOUS_MOVE = YES;
				CLANG_WARN_UNGUARDED_AVAILABILITY = YES_AGGRESSIVE;
				CLANG_WARN_UNREACHABLE_CODE = YES;
				CLANG_WARN__DUPLICATE_METHOD_MATCH = YES;
				COPY_PHASE_STRIP = NO;
				DEBUG_INFORMATION_FORMAT = "dwarf-with-dsym";
				ENABLE_NS_ASSERTIONS = NO;
				ENABLE_STRICT_OBJC_MSGSEND = YES;
				GCC_C_LANGUAGE_STANDARD = gnu11;
				GCC_NO_COMMON_BLOCKS = YES;
				GCC_WARN_64_TO_32_BIT_CONVERSION = YES;
				GCC_WARN_ABOUT_RETURN_TYPE = YES_ERROR;
				GCC_WARN_UNDECLARED_SELECTOR = YES;
				GCC_WARN_UNINITIALIZED_AUTOS = YES_AGGRESSIVE;
				GCC_WARN_UNUSED_FUNCTION = YES;
				GCC_WARN_UNUSED_VARIABLE = YES;
				IPHONEOS_DEPLOYMENT_TARGET = 13.2;
				MTL_ENABLE_DEBUG_INFO = NO;
				MTL_FAST_MATH = YES;
				SDKROOT = iphoneos;
				SWIFT_COMPILATION_MODE = wholemodule;
				SWIFT_OPTIMIZATION_LEVEL = "-O";
				VALIDATE_PRODUCT = YES;
			};
			name = Release;
		};
		A43E7C872395718F0076DB6E /* Debug */ = {
			isa = XCBuildConfiguration;
			buildSettings = {
				ASSETCATALOG_COMPILER_APPICON_NAME = AppIcon;
				CODE_SIGN_STYLE = Automatic;
				DEVELOPMENT_TEAM = HFPF5AC89V;
				INFOPLIST_FILE = "Final App Sem1/Info.plist";
				LD_RUNPATH_SEARCH_PATHS = (
					"$(inherited)",
					"@executable_path/Frameworks",
				);
				PRODUCT_BUNDLE_IDENTIFIER = "Rip.Final-App-Sem1";
				PRODUCT_NAME = "$(TARGET_NAME)";
				SWIFT_VERSION = 5.0;
				TARGETED_DEVICE_FAMILY = "1,2";
			};
			name = Debug;
		};
		A43E7C882395718F0076DB6E /* Release */ = {
			isa = XCBuildConfiguration;
			buildSettings = {
				ASSETCATALOG_COMPILER_APPICON_NAME = AppIcon;
				CODE_SIGN_STYLE = Automatic;
				DEVELOPMENT_TEAM = HFPF5AC89V;
				INFOPLIST_FILE = "Final App Sem1/Info.plist";
				LD_RUNPATH_SEARCH_PATHS = (
					"$(inherited)",
					"@executable_path/Frameworks",
				);
				PRODUCT_BUNDLE_IDENTIFIER = "Rip.Final-App-Sem1";
				PRODUCT_NAME = "$(TARGET_NAME)";
				SWIFT_VERSION = 5.0;
				TARGETED_DEVICE_FAMILY = "1,2";
			};
			name = Release;
		};
		A43E7C8A2395718F0076DB6E /* Debug */ = {
			isa = XCBuildConfiguration;
			buildSettings = {
				ALWAYS_EMBED_SWIFT_STANDARD_LIBRARIES = YES;
				BUNDLE_LOADER = "$(TEST_HOST)";
				CODE_SIGN_STYLE = Automatic;
				DEVELOPMENT_TEAM = HFPF5AC89V;
				INFOPLIST_FILE = "Final App Sem1Tests/Info.plist";
				IPHONEOS_DEPLOYMENT_TARGET = 13.2;
				LD_RUNPATH_SEARCH_PATHS = (
					"$(inherited)",
					"@executable_path/Frameworks",
					"@loader_path/Frameworks",
				);
				PRODUCT_BUNDLE_IDENTIFIER = "Rip.Final-App-Sem1Tests";
				PRODUCT_NAME = "$(TARGET_NAME)";
				SWIFT_VERSION = 5.0;
				TARGETED_DEVICE_FAMILY = "1,2";
				TEST_HOST = "$(BUILT_PRODUCTS_DIR)/Final App Sem1.app/Final App Sem1";
			};
			name = Debug;
		};
		A43E7C8B2395718F0076DB6E /* Release */ = {
			isa = XCBuildConfiguration;
			buildSettings = {
				ALWAYS_EMBED_SWIFT_STANDARD_LIBRARIES = YES;
				BUNDLE_LOADER = "$(TEST_HOST)";
				CODE_SIGN_STYLE = Automatic;
				DEVELOPMENT_TEAM = HFPF5AC89V;
				INFOPLIST_FILE = "Final App Sem1Tests/Info.plist";
				IPHONEOS_DEPLOYMENT_TARGET = 13.2;
				LD_RUNPATH_SEARCH_PATHS = (
					"$(inherited)",
					"@executable_path/Frameworks",
					"@loader_path/Frameworks",
				);
				PRODUCT_BUNDLE_IDENTIFIER = "Rip.Final-App-Sem1Tests";
				PRODUCT_NAME = "$(TARGET_NAME)";
				SWIFT_VERSION = 5.0;
				TARGETED_DEVICE_FAMILY = "1,2";
				TEST_HOST = "$(BUILT_PRODUCTS_DIR)/Final App Sem1.app/Final App Sem1";
			};
			name = Release;
		};
		A43E7C8D2395718F0076DB6E /* Debug */ = {
			isa = XCBuildConfiguration;
			buildSettings = {
				ALWAYS_EMBED_SWIFT_STANDARD_LIBRARIES = YES;
				CODE_SIGN_STYLE = Automatic;
				DEVELOPMENT_TEAM = HFPF5AC89V;
				INFOPLIST_FILE = "Final App Sem1UITests/Info.plist";
				LD_RUNPATH_SEARCH_PATHS = (
					"$(inherited)",
					"@executable_path/Frameworks",
					"@loader_path/Frameworks",
				);
				PRODUCT_BUNDLE_IDENTIFIER = "Rip.Final-App-Sem1UITests";
				PRODUCT_NAME = "$(TARGET_NAME)";
				SWIFT_VERSION = 5.0;
				TARGETED_DEVICE_FAMILY = "1,2";
				TEST_TARGET_NAME = "Final App Sem1";
			};
			name = Debug;
		};
		A43E7C8E2395718F0076DB6E /* Release */ = {
			isa = XCBuildConfiguration;
			buildSettings = {
				ALWAYS_EMBED_SWIFT_STANDARD_LIBRARIES = YES;
				CODE_SIGN_STYLE = Automatic;
				DEVELOPMENT_TEAM = HFPF5AC89V;
				INFOPLIST_FILE = "Final App Sem1UITests/Info.plist";
				LD_RUNPATH_SEARCH_PATHS = (
					"$(inherited)",
					"@executable_path/Frameworks",
					"@loader_path/Frameworks",
				);
				PRODUCT_BUNDLE_IDENTIFIER = "Rip.Final-App-Sem1UITests";
				PRODUCT_NAME = "$(TARGET_NAME)";
				SWIFT_VERSION = 5.0;
				TARGETED_DEVICE_FAMILY = "1,2";
				TEST_TARGET_NAME = "Final App Sem1";
			};
			name = Release;
		};
/* End XCBuildConfiguration section */

/* Begin XCConfigurationList section */
		A43E7C572395718A0076DB6E /* Build configuration list for PBXProject "Final App Sem1" */ = {
			isa = XCConfigurationList;
			buildConfigurations = (
				A43E7C842395718F0076DB6E /* Debug */,
				A43E7C852395718F0076DB6E /* Release */,
			);
			defaultConfigurationIsVisible = 0;
			defaultConfigurationName = Release;
		};
		A43E7C862395718F0076DB6E /* Build configuration list for PBXNativeTarget "Final App Sem1" */ = {
			isa = XCConfigurationList;
			buildConfigurations = (
				A43E7C872395718F0076DB6E /* Debug */,
				A43E7C882395718F0076DB6E /* Release */,
			);
			defaultConfigurationIsVisible = 0;
			defaultConfigurationName = Release;
		};
		A43E7C892395718F0076DB6E /* Build configuration list for PBXNativeTarget "Final App Sem1Tests" */ = {
			isa = XCConfigurationList;
			buildConfigurations = (
				A43E7C8A2395718F0076DB6E /* Debug */,
				A43E7C8B2395718F0076DB6E /* Release */,
			);
			defaultConfigurationIsVisible = 0;
			defaultConfigurationName = Release;
		};
		A43E7C8C2395718F0076DB6E /* Build configuration list for PBXNativeTarget "Final App Sem1UITests" */ = {
			isa = XCConfigurationList;
			buildConfigurations = (
				A43E7C8D2395718F0076DB6E /* Debug */,
				A43E7C8E2395718F0076DB6E /* Release */,
			);
			defaultConfigurationIsVisible = 0;
			defaultConfigurationName = Release;
		};
/* End XCConfigurationList section */
	};
	rootObject = A43E7C542395718A0076DB6E /* Project object */;
}
